
Microsoft Visual Studio Solution File, Format Version 12.00
# Visual Studio Version 16
VisualStudioVersion = 16.0.31005.135
MinimumVisualStudioVersion = 10.0.40219.1
Project("{9A19103F-16F7-4668-BE54-9A1E7A4F7556}") = "Berger.Extensions.Notification", "Berger.Extensions.Notification\Berger.Extensions.Notification.csproj", "{4385D44E-EBAB-4482-8016-20EFA0212C7E}"
EndProject
Project("{9A19103F-16F7-4668-BE54-9A1E7A4F7556}") = "Berger.Extensions.Notification.Tests", "Berger.Extensions.Notification.Tests\Berger.Extensions.Notification.Tests.csproj", "{BFE5C962-637F-4BBB-9455-83BA9C2A5DF6}"
EndProject
Global
	GlobalSection(SolutionConfigurationPlatforms) = preSolution
		Debug|Any CPU = Debug|Any CPU
		Release|Any CPU = Release|Any CPU
	EndGlobalSection
	GlobalSection(ProjectConfigurationPlatforms) = postSolution
		{4385D44E-EBAB-4482-8016-20EFA0212C7E}.Debug|Any CPU.ActiveCfg = Debug|Any CPU
		{4385D44E-EBAB-4482-8016-20EFA0212C7E}.Debug|Any CPU.Build.0 = Debug|Any CPU
		{4385D44E-EBAB-4482-8016-20EFA0212C7E}.Release|Any CPU.ActiveCfg = Release|Any CPU
		{4385D44E-EBAB-4482-8016-20EFA0212C7E}.Release|Any CPU.Build.0 = Release|Any CPU
		{BFE5C962-637F-4BBB-9455-83BA9C2A5DF6}.Debug|Any CPU.ActiveCfg = Debug|Any CPU
		{BFE5C962-637F-4BBB-9455-83BA9C2A5DF6}.Debug|Any CPU.Build.0 = Debug|Any CPU
		{BFE5C962-637F-4BBB-9455-83BA9C2A5DF6}.Release|Any CPU.ActiveCfg = Release|Any CPU
		{BFE5C962-637F-4BBB-9455-83BA9C2A5DF6}.Release|Any CPU.Build.0 = Release|Any CPU
	EndGlobalSection
	GlobalSection(SolutionProperties) = preSolution
		HideSolutionNode = FALSE
	EndGlobalSection
	GlobalSection(ExtensibilityGlobals) = postSolution
		SolutionGuid = {331C3ED2-0250-4A47-95CE-7DA06AD713B8}
	EndGlobalSection
EndGlobal
